
Microsoft Visual Studio Solution File, Format Version 12.00
# Visual Studio Version 17
VisualStudioVersion = 17.8.34511.84
MinimumVisualStudioVersion = 10.0.40219.1
Project("{FAE04EC0-301F-11D3-BF4B-00C04F79EFBC}") = "URProject", "URProject\URProject.csproj", "{58732253-C21B-421F-8384-5A71448F8295}"
EndProject
Global
	GlobalSection(SolutionConfigurationPlatforms) = preSolution
		Debug|Any CPU = Debug|Any CPU
		Release|Any CPU = Release|Any CPU
	EndGlobalSection
	GlobalSection(ProjectConfigurationPlatforms) = postSolution
		{58732253-C21B-421F-8384-5A71448F8295}.Debug|Any CPU.ActiveCfg = Debug|Any CPU
		{58732253-C21B-421F-8384-5A71448F8295}.Debug|Any CPU.Build.0 = Debug|Any CPU
		{58732253-C21B-421F-8384-5A71448F8295}.Release|Any CPU.ActiveCfg = Release|Any CPU
		{58732253-C21B-421F-8384-5A71448F8295}.Release|Any CPU.Build.0 = Release|Any CPU
	EndGlobalSection
	GlobalSection(SolutionProperties) = preSolution
		HideSolutionNode = FALSE
	EndGlobalSection
	GlobalSection(ExtensibilityGlobals) = postSolution
		SolutionGuid = {CD58DCFF-3044-4E72-8E33-9AAA223A56D2}
	EndGlobalSection
EndGlobal
